
Microsoft Visual Studio Solution File, Format Version 12.00
# Visual Studio Version 16
VisualStudioVersion = 16.0.29709.97
MinimumVisualStudioVersion = 10.0.40219.1
Project("{FAE04EC0-301F-11D3-BF4B-00C04F79EFBC}") = "Core", "Core\Core.csproj", "{C474EEC3-9275-4E7F-B954-BFC47242F897}"
EndProject
Project("{FAE04EC0-301F-11D3-BF4B-00C04F79EFBC}") = "Data", "Data\Data.csproj", "{30A8E8D5-7345-47FC-B655-5DFEE1E17F78}"
EndProject
Project("{FAE04EC0-301F-11D3-BF4B-00C04F79EFBC}") = "Domain", "Domain\Domain.csproj", "{158F5994-F0EC-4233-B0D5-22534319D27B}"
EndProject
Project("{FAE04EC0-301F-11D3-BF4B-00C04F79EFBC}") = "Domain.Entity", "Domain.Entity\Domain.Entity.csproj", "{A46DCA36-871F-41EA-8126-D914546D5C57}"
EndProject
Project("{FAE04EC0-301F-11D3-BF4B-00C04F79EFBC}") = "Domain.VModel", "Domain.VModel\Domain.VModel.csproj", "{11B4EA36-630E-476A-8414-593A33398767}"
EndProject
Project("{FAE04EC0-301F-11D3-BF4B-00C04F79EFBC}") = "Service", "Service\Service.csproj", "{126DA615-78A2-4719-BE38-9AB4A2EB722D}"
EndProject
Project("{9A19103F-16F7-4668-BE54-9A1E7A4F7556}") = "TWebUI", "TWebUI\TWebUI.csproj", "{7B0DBA75-57D6-46E5-9F92-7A7C6F413BD8}"
EndProject
Global
	GlobalSection(SolutionConfigurationPlatforms) = preSolution
		Debug|Any CPU = Debug|Any CPU
		Release|Any CPU = Release|Any CPU
	EndGlobalSection
	GlobalSection(ProjectConfigurationPlatforms) = postSolution
		{C474EEC3-9275-4E7F-B954-BFC47242F897}.Debug|Any CPU.ActiveCfg = Debug|Any CPU
		{C474EEC3-9275-4E7F-B954-BFC47242F897}.Debug|Any CPU.Build.0 = Debug|Any CPU
		{C474EEC3-9275-4E7F-B954-BFC47242F897}.Release|Any CPU.ActiveCfg = Release|Any CPU
		{C474EEC3-9275-4E7F-B954-BFC47242F897}.Release|Any CPU.Build.0 = Release|Any CPU
		{30A8E8D5-7345-47FC-B655-5DFEE1E17F78}.Debug|Any CPU.ActiveCfg = Debug|Any CPU
		{30A8E8D5-7345-47FC-B655-5DFEE1E17F78}.Debug|Any CPU.Build.0 = Debug|Any CPU
		{30A8E8D5-7345-47FC-B655-5DFEE1E17F78}.Release|Any CPU.ActiveCfg = Release|Any CPU
		{30A8E8D5-7345-47FC-B655-5DFEE1E17F78}.Release|Any CPU.Build.0 = Release|Any CPU
		{158F5994-F0EC-4233-B0D5-22534319D27B}.Debug|Any CPU.ActiveCfg = Debug|Any CPU
		{158F5994-F0EC-4233-B0D5-22534319D27B}.Debug|Any CPU.Build.0 = Debug|Any CPU
		{158F5994-F0EC-4233-B0D5-22534319D27B}.Release|Any CPU.ActiveCfg = Release|Any CPU
		{158F5994-F0EC-4233-B0D5-22534319D27B}.Release|Any CPU.Build.0 = Release|Any CPU
		{A46DCA36-871F-41EA-8126-D914546D5C57}.Debug|Any CPU.ActiveCfg = Debug|Any CPU
		{A46DCA36-871F-41EA-8126-D914546D5C57}.Debug|Any CPU.Build.0 = Debug|Any CPU
		{A46DCA36-871F-41EA-8126-D914546D5C57}.Release|Any CPU.ActiveCfg = Release|Any CPU
		{A46DCA36-871F-41EA-8126-D914546D5C57}.Release|Any CPU.Build.0 = Release|Any CPU
		{11B4EA36-630E-476A-8414-593A33398767}.Debug|Any CPU.ActiveCfg = Debug|Any CPU
		{11B4EA36-630E-476A-8414-593A33398767}.Debug|Any CPU.Build.0 = Debug|Any CPU
		{11B4EA36-630E-476A-8414-593A33398767}.Release|Any CPU.ActiveCfg = Release|Any CPU
		{11B4EA36-630E-476A-8414-593A33398767}.Release|Any CPU.Build.0 = Release|Any CPU
		{126DA615-78A2-4719-BE38-9AB4A2EB722D}.Debug|Any CPU.ActiveCfg = Debug|Any CPU
		{126DA615-78A2-4719-BE38-9AB4A2EB722D}.Debug|Any CPU.Build.0 = Debug|Any CPU
		{126DA615-78A2-4719-BE38-9AB4A2EB722D}.Release|Any CPU.ActiveCfg = Release|Any CPU
		{126DA615-78A2-4719-BE38-9AB4A2EB722D}.Release|Any CPU.Build.0 = Release|Any CPU
		{7B0DBA75-57D6-46E5-9F92-7A7C6F413BD8}.Debug|Any CPU.ActiveCfg = Debug|Any CPU
		{7B0DBA75-57D6-46E5-9F92-7A7C6F413BD8}.Debug|Any CPU.Build.0 = Debug|Any CPU
		{7B0DBA75-57D6-46E5-9F92-7A7C6F413BD8}.Release|Any CPU.ActiveCfg = Release|Any CPU
		{7B0DBA75-57D6-46E5-9F92-7A7C6F413BD8}.Release|Any CPU.Build.0 = Release|Any CPU
	EndGlobalSection
	GlobalSection(SolutionProperties) = preSolution
		HideSolutionNode = FALSE
	EndGlobalSection
	GlobalSection(ExtensibilityGlobals) = postSolution
		SolutionGuid = {9CA06B14-9A7A-4073-A3F5-8F58CA1A15DC}
	EndGlobalSection
EndGlobal
